
Microsoft Visual Studio Solution File, Format Version 12.00
# Visual Studio Version 17
VisualStudioVersion = 17.9.34728.123
MinimumVisualStudioVersion = 10.0.40219.1
Project("{FAE04EC0-301F-11D3-BF4B-00C04F79EFBC}") = "ContosoUniversity", "ContosoUniversity.csproj", "{0E6EF9DF-036B-4605-919C-CA39DF00311D}"
EndProject
Global
	GlobalSection(SolutionConfigurationPlatforms) = preSolution
		Debug|Any CPU = Debug|Any CPU
		Release|Any CPU = Release|Any CPU
	EndGlobalSection
	GlobalSection(ProjectConfigurationPlatforms) = postSolution
		{0E6EF9DF-036B-4605-919C-CA39DF00311D}.Debug|Any CPU.ActiveCfg = Debug|Any CPU
		{0E6EF9DF-036B-4605-919C-CA39DF00311D}.Debug|Any CPU.Build.0 = Debug|Any CPU
		{0E6EF9DF-036B-4605-919C-CA39DF00311D}.Release|Any CPU.ActiveCfg = Release|Any CPU
		{0E6EF9DF-036B-4605-919C-CA39DF00311D}.Release|Any CPU.Build.0 = Release|Any CPU
	EndGlobalSection
	GlobalSection(SolutionProperties) = preSolution
		HideSolutionNode = FALSE
	EndGlobalSection
	GlobalSection(ExtensibilityGlobals) = postSolution
		SolutionGuid = {C6784905-D34F-4AE5-9830-572597729F70}
	EndGlobalSection
EndGlobal
